
Microsoft Visual Studio Solution File, Format Version 12.00
# Visual Studio 15
VisualStudioVersion = 15.0.26430.6
MinimumVisualStudioVersion = 10.0.40219.1
Project("{FAE04EC0-301F-11D3-BF4B-00C04F79EFBC}") = "NoteGen", "NoteGen\NoteGen.csproj", "{B35798B7-9EC1-4394-A6A0-1783FBB7B29E}"
EndProject
Project("{FAE04EC0-301F-11D3-BF4B-00C04F79EFBC}") = "SoundProcessor", "SoundProcessor\SoundProcessor.csproj", "{949D6CFE-E86E-494E-8422-9CA8A6260A97}"
EndProject
Project("{FAE04EC0-301F-11D3-BF4B-00C04F79EFBC}") = "NeuroNetwork", "NeuroNetwork\NeuroNetwork.csproj", "{02624BD6-6CC9-469F-B7EB-56623B511151}"
EndProject
Project("{FAE04EC0-301F-11D3-BF4B-00C04F79EFBC}") = "NoteGenEducation", "NoteGenEducation\NoteGenEducation.csproj", "{576BD958-B2A3-43C5-A4C2-EBB6C08A0FEA}"
EndProject
Project("{FAE04EC0-301F-11D3-BF4B-00C04F79EFBC}") = "NoteGenTest", "NoteGenTest\NoteGenTest.csproj", "{48950CBC-3A69-4AEC-BBAD-B02B78F57A38}"
EndProject
Global
	GlobalSection(SolutionConfigurationPlatforms) = preSolution
		Debug|Any CPU = Debug|Any CPU
		Release|Any CPU = Release|Any CPU
	EndGlobalSection
	GlobalSection(ProjectConfigurationPlatforms) = postSolution
		{B35798B7-9EC1-4394-A6A0-1783FBB7B29E}.Debug|Any CPU.ActiveCfg = Debug|Any CPU
		{B35798B7-9EC1-4394-A6A0-1783FBB7B29E}.Debug|Any CPU.Build.0 = Debug|Any CPU
		{B35798B7-9EC1-4394-A6A0-1783FBB7B29E}.Release|Any CPU.ActiveCfg = Release|Any CPU
		{B35798B7-9EC1-4394-A6A0-1783FBB7B29E}.Release|Any CPU.Build.0 = Release|Any CPU
		{949D6CFE-E86E-494E-8422-9CA8A6260A97}.Debug|Any CPU.ActiveCfg = Debug|Any CPU
		{949D6CFE-E86E-494E-8422-9CA8A6260A97}.Debug|Any CPU.Build.0 = Debug|Any CPU
		{949D6CFE-E86E-494E-8422-9CA8A6260A97}.Release|Any CPU.ActiveCfg = Release|Any CPU
		{949D6CFE-E86E-494E-8422-9CA8A6260A97}.Release|Any CPU.Build.0 = Release|Any CPU
		{02624BD6-6CC9-469F-B7EB-56623B511151}.Debug|Any CPU.ActiveCfg = Debug|Any CPU
		{02624BD6-6CC9-469F-B7EB-56623B511151}.Debug|Any CPU.Build.0 = Debug|Any CPU
		{02624BD6-6CC9-469F-B7EB-56623B511151}.Release|Any CPU.ActiveCfg = Release|Any CPU
		{02624BD6-6CC9-469F-B7EB-56623B511151}.Release|Any CPU.Build.0 = Release|Any CPU
		{576BD958-B2A3-43C5-A4C2-EBB6C08A0FEA}.Debug|Any CPU.ActiveCfg = Debug|Any CPU
		{576BD958-B2A3-43C5-A4C2-EBB6C08A0FEA}.Debug|Any CPU.Build.0 = Debug|Any CPU
		{576BD958-B2A3-43C5-A4C2-EBB6C08A0FEA}.Release|Any CPU.ActiveCfg = Release|Any CPU
		{576BD958-B2A3-43C5-A4C2-EBB6C08A0FEA}.Release|Any CPU.Build.0 = Release|Any CPU
		{48950CBC-3A69-4AEC-BBAD-B02B78F57A38}.Debug|Any CPU.ActiveCfg = Debug|Any CPU
		{48950CBC-3A69-4AEC-BBAD-B02B78F57A38}.Debug|Any CPU.Build.0 = Debug|Any CPU
		{48950CBC-3A69-4AEC-BBAD-B02B78F57A38}.Release|Any CPU.ActiveCfg = Release|Any CPU
		{48950CBC-3A69-4AEC-BBAD-B02B78F57A38}.Release|Any CPU.Build.0 = Release|Any CPU
	EndGlobalSection
	GlobalSection(SolutionProperties) = preSolution
		HideSolutionNode = FALSE
	EndGlobalSection
EndGlobal
